// !$*UTF8*$!
{
	archiveVersion = 1;
	classes = {
	};
	objectVersion = 46;
	objects = {

/* Begin PBXBuildFile section */
		B5107A7A1E9FB9BC003F5F91 /* BStudent+BCategory.m in Sources */ = {isa = PBXBuildFile; fileRef = B5107A791E9FB9BC003F5F91 /* BStudent+BCategory.m */; };
		B5153C0A1E56EB7A00D16283 /* main.m in Sources */ = {isa = PBXBuildFile; fileRef = B5153C091E56EB7A00D16283 /* main.m */; };
		B5153C0D1E56EB7A00D16283 /* AppDelegate.m in Sources */ = {isa = PBXBuildFile; fileRef = B5153C0C1E56EB7A00D16283 /* AppDelegate.m */; };
		B5153C101E56EB7A00D16283 /* FirstViewController.m in Sources */ = {isa = PBXBuildFile; fileRef = B5153C0F1E56EB7A00D16283 /* FirstViewController.m */; };
		B5153C131E56EB7A00D16283 /* SecondViewController.m in Sources */ = {isa = PBXBuildFile; fileRef = B5153C121E56EB7A00D16283 /* SecondViewController.m */; };
		B5153C161E56EB7A00D16283 /* Main.storyboard in Resources */ = {isa = PBXBuildFile; fileRef = B5153C141E56EB7A00D16283 /* Main.storyboard */; };
		B5153C181E56EB7A00D16283 /* Assets.xcassets in Resources */ = {isa = PBXBuildFile; fileRef = B5153C171E56EB7A00D16283 /* Assets.xcassets */; };
		B5153C1B1E56EB7A00D16283 /* LaunchScreen.storyboard in Resources */ = {isa = PBXBuildFile; fileRef = B5153C191E56EB7A00D16283 /* LaunchScreen.storyboard */; };
		B5153C281E56F2A900D16283 /* LICENSE in Resources */ = {isa = PBXBuildFile; fileRef = B5153C261E56F2A900D16283 /* LICENSE */; };
		B5FE06491E947E7700DE9B84 /* BStudent.m in Sources */ = {isa = PBXBuildFile; fileRef = B5FE06481E947E7700DE9B84 /* BStudent.m */; };
/* End PBXBuildFile section */

/* Begin PBXFileReference section */
		B5107A771E9FB9A8003F5F91 /* BProtocol.h */ = {isa = PBXFileReference; fileEncoding = 4; lastKnownFileType = sourcecode.c.h; name = BProtocol.h; path = ../BProtocol.h; sourceTree = "<group>"; };
		B5107A781E9FB9BC003F5F91 /* BStudent+BCategory.h */ = {isa = PBXFileReference; fileEncoding = 4; lastKnownFileType = sourcecode.c.h; path = "BStudent+BCategory.h"; sourceTree = "<group>"; };
		B5107A791E9FB9BC003F5F91 /* BStudent+BCategory.m */ = {isa = PBXFileReference; fileEncoding = 4; lastKnownFileType = sourcecode.c.objc; path = "BStudent+BCategory.m"; sourceTree = "<group>"; };
		B5107A7B1E9FB9CC003F5F91 /* BStudent_BExtension.h */ = {isa = PBXFileReference; fileEncoding = 4; lastKnownFileType = sourcecode.c.h; path = BStudent_BExtension.h; sourceTree = "<group>"; };
		B5153C051E56EB7A00D16283 /* BDemo.app */ = {isa = PBXFileReference; explicitFileType = wrapper.application; includeInIndex = 0; path = BDemo.app; sourceTree = BUILT_PRODUCTS_DIR; };
		B5153C091E56EB7A00D16283 /* main.m */ = {isa = PBXFileReference; lastKnownFileType = sourcecode.c.objc; path = main.m; sourceTree = "<group>"; };
		B5153C0B1E56EB7A00D16283 /* AppDelegate.h */ = {isa = PBXFileReference; lastKnownFileType = sourcecode.c.h; path = AppDelegate.h; sourceTree = "<group>"; };
		B5153C0C1E56EB7A00D16283 /* AppDelegate.m */ = {isa = PBXFileReference; lastKnownFileType = sourcecode.c.objc; path = AppDelegate.m; sourceTree = "<group>"; };
		B5153C0E1E56EB7A00D16283 /* FirstViewController.h */ = {isa = PBXFileReference; lastKnownFileType = sourcecode.c.h; path = FirstViewController.h; sourceTree = "<group>"; };
		B5153C0F1E56EB7A00D16283 /* FirstViewController.m */ = {isa = PBXFileReference; lastKnownFileType = sourcecode.c.objc; path = FirstViewController.m; sourceTree = "<group>"; };
		B5153C111E56EB7A00D16283 /* SecondViewController.h */ = {isa = PBXFileReference; lastKnownFileType = sourcecode.c.h; path = SecondViewController.h; sourceTree = "<group>"; };
		B5153C121E56EB7A00D16283 /* SecondViewController.m */ = {isa = PBXFileReference; lastKnownFileType = sourcecode.c.objc; path = SecondViewController.m; sourceTree = "<group>"; };
		B5153C151E56EB7A00D16283 /* Base */ = {isa = PBXFileReference; lastKnownFileType = file.storyboard; name = Base; path = Base.lproj/Main.storyboard; sourceTree = "<group>"; };
		B5153C171E56EB7A00D16283 /* Assets.xcassets */ = {isa = PBXFileReference; lastKnownFileType = folder.assetcatalog; path = Assets.xcassets; sourceTree = "<group>"; };
		B5153C1A1E56EB7A00D16283 /* Base */ = {isa = PBXFileReference; lastKnownFileType = file.storyboard; name = Base; path = Base.lproj/LaunchScreen.storyboard; sourceTree = "<group>"; };
		B5153C1C1E56EB7A00D16283 /* Info.plist */ = {isa = PBXFileReference; lastKnownFileType = text.plist.xml; path = Info.plist; sourceTree = "<group>"; };
		B5153C261E56F2A900D16283 /* LICENSE */ = {isa = PBXFileReference; fileEncoding = 4; lastKnownFileType = text; path = LICENSE; sourceTree = SOURCE_ROOT; };
		B5153C271E56F2A900D16283 /* README.md */ = {isa = PBXFileReference; fileEncoding = 4; lastKnownFileType = net.daringfireball.markdown; path = README.md; sourceTree = SOURCE_ROOT; };
		B523A9771E6EA55D009835D7 /* PrefixHeader.pch */ = {isa = PBXFileReference; fileEncoding = 4; lastKnownFileType = sourcecode.c.h; path = PrefixHeader.pch; sourceTree = "<group>"; };
		B5FE06471E947E7700DE9B84 /* BStudent.h */ = {isa = PBXFileReference; fileEncoding = 4; lastKnownFileType = sourcecode.c.h; path = BStudent.h; sourceTree = "<group>"; };
		B5FE06481E947E7700DE9B84 /* BStudent.m */ = {isa = PBXFileReference; fileEncoding = 4; lastKnownFileType = sourcecode.c.objc; path = BStudent.m; sourceTree = "<group>"; };
/* End PBXFileReference section */

/* Begin PBXFrameworksBuildPhase section */
		B5153C021E56EB7A00D16283 /* Frameworks */ = {
			isa = PBXFrameworksBuildPhase;
			buildActionMask = 2147483647;
			files = (
			);
			runOnlyForDeploymentPostprocessing = 0;
		};
/* End PBXFrameworksBuildPhase section */

/* Begin PBXGroup section */
		B5153BFC1E56EB7A00D16283 = {
			isa = PBXGroup;
			children = (
				B5153C071E56EB7A00D16283 /* BDemo */,
				B5153C061E56EB7A00D16283 /* Products */,
			);
			sourceTree = "<group>";
		};
		B5153C061E56EB7A00D16283 /* Products */ = {
			isa = PBXGroup;
			children = (
				B5153C051E56EB7A00D16283 /* BDemo.app */,
			);
			name = Products;
			sourceTree = "<group>";
		};
		B5153C071E56EB7A00D16283 /* BDemo */ = {
			isa = PBXGroup;
			children = (
				B5153C0B1E56EB7A00D16283 /* AppDelegate.h */,
				B5153C0C1E56EB7A00D16283 /* AppDelegate.m */,
				B5153C0E1E56EB7A00D16283 /* FirstViewController.h */,
				B5153C0F1E56EB7A00D16283 /* FirstViewController.m */,
				B5153C111E56EB7A00D16283 /* SecondViewController.h */,
				B5153C121E56EB7A00D16283 /* SecondViewController.m */,
				B5FE06471E947E7700DE9B84 /* BStudent.h */,
				B5FE06481E947E7700DE9B84 /* BStudent.m */,
				B5107A771E9FB9A8003F5F91 /* BProtocol.h */,
				B5107A781E9FB9BC003F5F91 /* BStudent+BCategory.h */,
				B5107A791E9FB9BC003F5F91 /* BStudent+BCategory.m */,
				B5107A7B1E9FB9CC003F5F91 /* BStudent_BExtension.h */,
				B5153C081E56EB7A00D16283 /* Supporting Files */,
			);
			path = BDemo;
			sourceTree = "<group>";
		};
		B5153C081E56EB7A00D16283 /* Supporting Files */ = {
			isa = PBXGroup;
			children = (
				B5153C171E56EB7A00D16283 /* Assets.xcassets */,
				B523A9771E6EA55D009835D7 /* PrefixHeader.pch */,
				B5153C141E56EB7A00D16283 /* Main.storyboard */,
				B5153C191E56EB7A00D16283 /* LaunchScreen.storyboard */,
				B5153C091E56EB7A00D16283 /* main.m */,
				B5153C1C1E56EB7A00D16283 /* Info.plist */,
				B5153C261E56F2A900D16283 /* LICENSE */,
				B5153C271E56F2A900D16283 /* README.md */,
			);
			name = "Supporting Files";
			sourceTree = "<group>";
		};
/* End PBXGroup section */

/* Begin PBXNativeTarget section */
		B5153C041E56EB7A00D16283 /* BDemo */ = {
			isa = PBXNativeTarget;
			buildConfigurationList = B5153C1F1E56EB7A00D16283 /* Build configuration list for PBXNativeTarget "BDemo" */;
			buildPhases = (
				B5153C011E56EB7A00D16283 /* Sources */,
				B5153C021E56EB7A00D16283 /* Frameworks */,
				B5153C031E56EB7A00D16283 /* Resources */,
			);
			buildRules = (
			);
			dependencies = (
			);
			name = BDemo;
			productName = BDemo;
			productReference = B5153C051E56EB7A00D16283 /* BDemo.app */;
			productType = "com.apple.product-type.application";
		};
/* End PBXNativeTarget section */

/* Begin PBXProject section */
		B5153BFD1E56EB7A00D16283 /* Project object */ = {
			isa = PBXProject;
			attributes = {
				LastUpgradeCheck = 0820;
				ORGANIZATIONNAME = TB;
				TargetAttributes = {
					B5153C041E56EB7A00D16283 = {
						CreatedOnToolsVersion = 8.2.1;
						DevelopmentTeam = ZBB6K2UM23;
						ProvisioningStyle = Automatic;
					};
				};
			};
			buildConfigurationList = B5153C001E56EB7A00D16283 /* Build configuration list for PBXProject "BDemo" */;
			compatibilityVersion = "Xcode 3.2";
			developmentRegion = English;
			hasScannedForEncodings = 0;
			knownRegions = (
				en,
				Base,
			);
			mainGroup = B5153BFC1E56EB7A00D16283;
			productRefGroup = B5153C061E56EB7A00D16283 /* Products */;
			projectDirPath = "";
			projectRoot = "";
			targets = (
				B5153C041E56EB7A00D16283 /* BDemo */,
			);
		};
/* End PBXProject section */

/* Begin PBXResourcesBuildPhase section */
		B5153C031E56EB7A00D16283 /* Resources */ = {
			isa = PBXResourcesBuildPhase;
			buildActionMask = 2147483647;
			files = (
				B5153C1B1E56EB7A00D16283 /* LaunchScreen.storyboard in Resources */,
				B5153C181E56EB7A00D16283 /* Assets.xcassets in Resources */,
				B5153C281E56F2A900D16283 /* LICENSE in Resources */,
				B5153C161E56EB7A00D16283 /* Main.storyboard in Resources */,
			);
			runOnlyForDeploymentPostprocessing = 0;
		};
/* End PBXResourcesBuildPhase section */

/* Begin PBXSourcesBuildPhase section */
		B5153C011E56EB7A00D16283 /* Sources */ = {
			isa = PBXSourcesBuildPhase;
			buildActionMask = 2147483647;
			files = (
				B5153C131E56EB7A00D16283 /* SecondViewController.m in Sources */,
				B5FE06491E947E7700DE9B84 /* BStudent.m in Sources */,
				B5153C0D1E56EB7A00D16283 /* AppDelegate.m in Sources */,
				B5153C101E56EB7A00D16283 /* FirstViewController.m in Sources */,
				B5153C0A1E56EB7A00D16283 /* main.m in Sources */,
				B5107A7A1E9FB9BC003F5F91 /* BStudent+BCategory.m in Sources */,
			);
			runOnlyForDeploymentPostprocessing = 0;
		};
/* End PBXSourcesBuildPhase section */

/* Begin PBXVariantGroup section */
		B5153C141E56EB7A00D16283 /* Main.storyboard */ = {
			isa = PBXVariantGroup;
			children = (
				B5153C151E56EB7A00D16283 /* Base */,
			);
			name = Main.storyboard;
			sourceTree = "<group>";
		};
		B5153C191E56EB7A00D16283 /* LaunchScreen.storyboard */ = {
			isa = PBXVariantGroup;
			children = (
				B5153C1A1E56EB7A00D16283 /* Base */,
			);
			name = LaunchScreen.storyboard;
			sourceTree = "<group>";
		};
/* End PBXVariantGroup section */

/* Begin XCBuildConfiguration section */
		B5153C1D1E56EB7A00D16283 /* Debug */ = {
			isa = XCBuildConfiguration;
			buildSettings = {
				ALWAYS_SEARCH_USER_PATHS = NO;
				CLANG_ANALYZER_NONNULL = YES;
				CLANG_CXX_LANGUAGE_STANDARD = "gnu++0x";
				CLANG_CXX_LIBRARY = "libc++";
				CLANG_ENABLE_MODULES = YES;
				CLANG_ENABLE_OBJC_ARC = YES;
				CLANG_WARN_BOOL_CONVERSION = YES;
				CLANG_WARN_CONSTANT_CONVERSION = YES;
				CLANG_WARN_DIRECT_OBJC_ISA_USAGE = YES_ERROR;
				CLANG_WARN_DOCUMENTATION_COMMENTS = YES;
				CLANG_WARN_EMPTY_BODY = YES;
				CLANG_WARN_ENUM_CONVERSION = YES;
				CLANG_WARN_INFINITE_RECURSION = YES;
				CLANG_WARN_INT_CONVERSION = YES;
				CLANG_WARN_OBJC_ROOT_CLASS = YES_ERROR;
				CLANG_WARN_SUSPICIOUS_MOVE = YES;
				CLANG_WARN_UNREACHABLE_CODE = YES;
				CLANG_WARN__DUPLICATE_METHOD_MATCH = YES;
				"CODE_SIGN_IDENTITY[sdk=iphoneos*]" = "iPhone Developer";
				COPY_PHASE_STRIP = NO;
				DEBUG_INFORMATION_FORMAT = dwarf;
				ENABLE_STRICT_OBJC_MSGSEND = NO;
				ENABLE_TESTABILITY = YES;
				GCC_C_LANGUAGE_STANDARD = gnu99;
				GCC_DYNAMIC_NO_PIC = NO;
				GCC_NO_COMMON_BLOCKS = YES;
				GCC_OPTIMIZATION_LEVEL = 0;
				GCC_PRECOMPILE_PREFIX_HEADER = NO;
				GCC_PREFIX_HEADER = BDemo/PrefixHeader.pch;
				GCC_PREPROCESSOR_DEFINITIONS = (
					"DEBUG=1",
					"$(inherited)",
				);
				GCC_WARN_64_TO_32_BIT_CONVERSION = YES;
				GCC_WARN_ABOUT_RETURN_TYPE = YES_ERROR;
				GCC_WARN_UNDECLARED_SELECTOR = YES;
				GCC_WARN_UNINITIALIZED_AUTOS = YES_AGGRESSIVE;
				GCC_WARN_UNUSED_FUNCTION = YES;
				GCC_WARN_UNUSED_VARIABLE = YES;
				IPHONEOS_DEPLOYMENT_TARGET = 10.2;
				MTL_ENABLE_DEBUG_INFO = YES;
				ONLY_ACTIVE_ARCH = YES;
				SDKROOT = iphoneos;
			};
			name = Debug;
		};
		B5153C1E1E56EB7A00D16283 /* Release */ = {
			isa = XCBuildConfiguration;
			buildSettings = {
				ALWAYS_SEARCH_USER_PATHS = NO;
				CLANG_ANALYZER_NONNULL = YES;
				CLANG_CXX_LANGUAGE_STANDARD = "gnu++0x";
				CLANG_CXX_LIBRARY = "libc++";
				CLANG_ENABLE_MODULES = YES;
				CLANG_ENABLE_OBJC_ARC = YES;
				CLANG_WARN_BOOL_CONVERSION = YES;
				CLANG_WARN_CONSTANT_CONVERSION = YES;
				CLANG_WARN_DIRECT_OBJC_ISA_USAGE = YES_ERROR;
				CLANG_WARN_DOCUMENTATION_COMMENTS = YES;
				CLANG_WARN_EMPTY_BODY = YES;
				CLANG_WARN_ENUM_CONVERSION = YES;
				CLANG_WARN_INFINITE_RECURSION = YES;
				CLANG_WARN_INT_CONVERSION = YES;
				CLANG_WARN_OBJC_ROOT_CLASS = YES_ERROR;
				CLANG_WARN_SUSPICIOUS_MOVE = YES;
				CLANG_WARN_UNREACHABLE_CODE = YES;
				CLANG_WARN__DUPLICATE_METHOD_MATCH = YES;
				"CODE_SIGN_IDENTITY[sdk=iphoneos*]" = "iPhone Developer";
				COPY_PHASE_STRIP = NO;
				DEBUG_INFORMATION_FORMAT = "dwarf-with-dsym";
				ENABLE_NS_ASSERTIONS = NO;
				ENABLE_STRICT_OBJC_MSGSEND = NO;
				GCC_C_LANGUAGE_STANDARD = gnu99;
				GCC_NO_COMMON_BLOCKS = YES;
				GCC_PRECOMPILE_PREFIX_HEADER = NO;
				GCC_PREFIX_HEADER = BDemo/PrefixHeader.pch;
				GCC_WARN_64_TO_32_BIT_CONVERSION = YES;
				GCC_WARN_ABOUT_RETURN_TYPE = YES_ERROR;
				GCC_WARN_UNDECLARED_SELECTOR = YES;
				GCC_WARN_UNINITIALIZED_AUTOS = YES_AGGRESSIVE;
				GCC_WARN_UNUSED_FUNCTION = YES;
				GCC_WARN_UNUSED_VARIABLE = YES;
				IPHONEOS_DEPLOYMENT_TARGET = 10.2;
				MTL_ENABLE_DEBUG_INFO = NO;
				SDKROOT = iphoneos;
				VALIDATE_PRODUCT = YES;
			};
			name = Release;
		};
		B5153C201E56EB7A00D16283 /* Debug */ = {
			isa = XCBuildConfiguration;
			buildSettings = {
				ASSETCATALOG_COMPILER_APPICON_NAME = AppIcon;
				DEVELOPMENT_TEAM = ZBB6K2UM23;
				INFOPLIST_FILE = BDemo/Info.plist;
				LD_RUNPATH_SEARCH_PATHS = "$(inherited) @executable_path/Frameworks";
				PRODUCT_BUNDLE_IDENTIFIER = Ben.BDemo;
				PRODUCT_NAME = "$(TARGET_NAME)";
			};
			name = Debug;
		};
		B5153C211E56EB7A00D16283 /* Release */ = {
			isa = XCBuildConfiguration;
			buildSettings = {
				ASSETCATALOG_COMPILER_APPICON_NAME = AppIcon;
				DEVELOPMENT_TEAM = ZBB6K2UM23;
				INFOPLIST_FILE = BDemo/Info.plist;
				LD_RUNPATH_SEARCH_PATHS = "$(inherited) @executable_path/Frameworks";
				PRODUCT_BUNDLE_IDENTIFIER = Ben.BDemo;
				PRODUCT_NAME = "$(TARGET_NAME)";
			};
			name = Release;
		};
/* End XCBuildConfiguration section */

/* Begin XCConfigurationList section */
		B5153C001E56EB7A00D16283 /* Build configuration list for PBXProject "BDemo" */ = {
			isa = XCConfigurationList;
			buildConfigurations = (
				B5153C1D1E56EB7A00D16283 /* Debug */,
				B5153C1E1E56EB7A00D16283 /* Release */,
			);
			defaultConfigurationIsVisible = 0;
			defaultConfigurationName = Release;
		};
		B5153C1F1E56EB7A00D16283 /* Build configuration list for PBXNativeTarget "BDemo" */ = {
			isa = XCConfigurationList;
			buildConfigurations = (
				B5153C201E56EB7A00D16283 /* Debug */,
				B5153C211E56EB7A00D16283 /* Release */,
			);
			defaultConfigurationIsVisible = 0;
			defaultConfigurationName = Release;
		};
/* End XCConfigurationList section */
	};
	rootObject = B5153BFD1E56EB7A00D16283 /* Project object */;
}
